// !$*UTF8*$!
{
	archiveVersion = 1;
	classes = {
	};
	objectVersion = 46;
	objects = {

/* Begin PBXBuildFile section */
		3809EF5A1E4F7E8F00406001 /* BinaryTreeNode.swift in Sources */ = {isa = PBXBuildFile; fileRef = 3809EF591E4F7E8F00406001 /* BinaryTreeNode.swift */; };
		3824FB7D1E4F557D007AFA7F /* TreeIterator.swift in Sources */ = {isa = PBXBuildFile; fileRef = 3824FB7C1E4F557D007AFA7F /* TreeIterator.swift */; };
		3824FB7F1E4F5660007AFA7F /* DictionaryCollection.swift in Sources */ = {isa = PBXBuildFile; fileRef = 3824FB7E1E4F5660007AFA7F /* DictionaryCollection.swift */; };
		384F32C11E84391D00F2ED36 /* GraphCollection.swift in Sources */ = {isa = PBXBuildFile; fileRef = 384F32C01E84391D00F2ED36 /* GraphCollection.swift */; };
		384F32C31E843C7200F2ED36 /* Graph.swift in Sources */ = {isa = PBXBuildFile; fileRef = 384F32C21E843C7200F2ED36 /* Graph.swift */; };
		384F32C61E847E2100F2ED36 /* Queue.swift in Sources */ = {isa = PBXBuildFile; fileRef = 384F32C51E847E2100F2ED36 /* Queue.swift */; };
		384F32C81E8481FA00F2ED36 /* GraphEdge.swift in Sources */ = {isa = PBXBuildFile; fileRef = 384F32C71E8481FA00F2ED36 /* GraphEdge.swift */; };
		384F32CA1E8486D500F2ED36 /* QueueTests.swift in Sources */ = {isa = PBXBuildFile; fileRef = 384F32C91E8486D500F2ED36 /* QueueTests.swift */; };
		384F32CC1E8486E100F2ED36 /* GraphTests.swift in Sources */ = {isa = PBXBuildFile; fileRef = 384F32CB1E8486E100F2ED36 /* GraphTests.swift */; };
		38A078081E954FC400329E96 /* BigGraph.txt in Resources */ = {isa = PBXBuildFile; fileRef = 38A078071E954FC400329E96 /* BigGraph.txt */; };
		38A0AD291DC4AAF1005EA3CC /* AVLTreeIndex.swift in Sources */ = {isa = PBXBuildFile; fileRef = 38A0AD251DC4AAF1005EA3CC /* AVLTreeIndex.swift */; };
		38A0AD2A1DC4AAF1005EA3CC /* AVLTreeIterator.swift in Sources */ = {isa = PBXBuildFile; fileRef = 38A0AD261DC4AAF1005EA3CC /* AVLTreeIterator.swift */; };
		38A0AD2B1DC4AAF1005EA3CC /* AVLTreeMap.swift in Sources */ = {isa = PBXBuildFile; fileRef = 38A0AD271DC4AAF1005EA3CC /* AVLTreeMap.swift */; };
		38A0AD2C1DC4AAF1005EA3CC /* AVLTreeNode.swift in Sources */ = {isa = PBXBuildFile; fileRef = 38A0AD281DC4AAF1005EA3CC /* AVLTreeNode.swift */; };
		38A0AD2E1DC4AB1F005EA3CC /* AVLTreeMapTests.swift in Sources */ = {isa = PBXBuildFile; fileRef = 38A0AD2D1DC4AB1F005EA3CC /* AVLTreeMapTests.swift */; };
		38A0AD381DC4ABD3005EA3CC /* List.swift in Sources */ = {isa = PBXBuildFile; fileRef = 38A0AD331DC4ABD3005EA3CC /* List.swift */; };
		38A0AD391DC4ABD3005EA3CC /* SinglyLinkedList.swift in Sources */ = {isa = PBXBuildFile; fileRef = 38A0AD351DC4ABD3005EA3CC /* SinglyLinkedList.swift */; };
		38A0AD3A1DC4ABD3005EA3CC /* Stack.swift in Sources */ = {isa = PBXBuildFile; fileRef = 38A0AD371DC4ABD3005EA3CC /* Stack.swift */; };
		38A0AD3C1DC4AF1A005EA3CC /* ListNode.swift in Sources */ = {isa = PBXBuildFile; fileRef = 38A0AD3B1DC4AF1A005EA3CC /* ListNode.swift */; };
		38A0AD3E1DC4AF21005EA3CC /* ListIndex.swift in Sources */ = {isa = PBXBuildFile; fileRef = 38A0AD3D1DC4AF21005EA3CC /* ListIndex.swift */; };
		38A0AD401DC4AF2F005EA3CC /* ListIterator.swift in Sources */ = {isa = PBXBuildFile; fileRef = 38A0AD3F1DC4AF2F005EA3CC /* ListIterator.swift */; };
		38B0D0991D23F1A0004C04BE /* DataStructures.h in Headers */ = {isa = PBXBuildFile; fileRef = 38B0D0981D23F1A0004C04BE /* DataStructures.h */; settings = {ATTRIBUTES = (Public, ); }; };
		38B0D0A01D23F1A1004C04BE /* DataStructures.framework in Frameworks */ = {isa = PBXBuildFile; fileRef = 38B0D0951D23F1A0004C04BE /* DataStructures.framework */; };
		38B0D0A51D23F1A1004C04BE /* DataStructuresTests.swift in Sources */ = {isa = PBXBuildFile; fileRef = 38B0D0A41D23F1A1004C04BE /* DataStructuresTests.swift */; };
		38B0D0B01D240121004C04BE /* DoublyLinkedListTests.swift in Sources */ = {isa = PBXBuildFile; fileRef = 38B0D0AF1D240121004C04BE /* DoublyLinkedListTests.swift */; };
		38B0D0B21D24012F004C04BE /* SinglyLinkedListTests.swift in Sources */ = {isa = PBXBuildFile; fileRef = 38B0D0B11D24012F004C04BE /* SinglyLinkedListTests.swift */; };
		38B0D0B61D24028B004C04BE /* StackTests.swift in Sources */ = {isa = PBXBuildFile; fileRef = 38B0D0B51D24028B004C04BE /* StackTests.swift */; };
		38D2482E1E12B1FF002C7C70 /* TreeMapCollection.swift in Sources */ = {isa = PBXBuildFile; fileRef = 38D2482D1E12B1FF002C7C70 /* TreeMapCollection.swift */; };
		38D248311E12B7E4002C7C70 /* TreeNode.swift in Sources */ = {isa = PBXBuildFile; fileRef = 38D248301E12B7E4002C7C70 /* TreeNode.swift */; };
		38D248331E12BEF8002C7C70 /* TreeIndex.swift in Sources */ = {isa = PBXBuildFile; fileRef = 38D248321E12BEF8002C7C70 /* TreeIndex.swift */; };
/* End PBXBuildFile section */

/* Begin PBXContainerItemProxy section */
		38B0D0A11D23F1A1004C04BE /* PBXContainerItemProxy */ = {
			isa = PBXContainerItemProxy;
			containerPortal = 38B0D08C1D23F1A0004C04BE /* Project object */;
			proxyType = 1;
			remoteGlobalIDString = 38B0D0941D23F1A0004C04BE;
			remoteInfo = DataStructures;
		};
/* End PBXContainerItemProxy section */

/* Begin PBXFileReference section */
		3809EF591E4F7E8F00406001 /* BinaryTreeNode.swift */ = {isa = PBXFileReference; fileEncoding = 4; lastKnownFileType = sourcecode.swift; path = BinaryTreeNode.swift; sourceTree = "<group>"; };
		3824FB7C1E4F557D007AFA7F /* TreeIterator.swift */ = {isa = PBXFileReference; fileEncoding = 4; lastKnownFileType = sourcecode.swift; path = TreeIterator.swift; sourceTree = "<group>"; };
		3824FB7E1E4F5660007AFA7F /* DictionaryCollection.swift */ = {isa = PBXFileReference; fileEncoding = 4; lastKnownFileType = sourcecode.swift; path = DictionaryCollection.swift; sourceTree = "<group>"; };
		384F32C01E84391D00F2ED36 /* GraphCollection.swift */ = {isa = PBXFileReference; fileEncoding = 4; lastKnownFileType = sourcecode.swift; path = GraphCollection.swift; sourceTree = "<group>"; };
		384F32C21E843C7200F2ED36 /* Graph.swift */ = {isa = PBXFileReference; fileEncoding = 4; lastKnownFileType = sourcecode.swift; path = Graph.swift; sourceTree = "<group>"; };
		384F32C51E847E2100F2ED36 /* Queue.swift */ = {isa = PBXFileReference; fileEncoding = 4; lastKnownFileType = sourcecode.swift; path = Queue.swift; sourceTree = "<group>"; };
		384F32C71E8481FA00F2ED36 /* GraphEdge.swift */ = {isa = PBXFileReference; fileEncoding = 4; lastKnownFileType = sourcecode.swift; path = GraphEdge.swift; sourceTree = "<group>"; };
		384F32C91E8486D500F2ED36 /* QueueTests.swift */ = {isa = PBXFileReference; fileEncoding = 4; lastKnownFileType = sourcecode.swift; path = QueueTests.swift; sourceTree = "<group>"; };
		384F32CB1E8486E100F2ED36 /* GraphTests.swift */ = {isa = PBXFileReference; fileEncoding = 4; lastKnownFileType = sourcecode.swift; path = GraphTests.swift; sourceTree = "<group>"; };
		38A078071E954FC400329E96 /* BigGraph.txt */ = {isa = PBXFileReference; fileEncoding = 4; lastKnownFileType = text; path = BigGraph.txt; sourceTree = "<group>"; };
		38A0AD251DC4AAF1005EA3CC /* AVLTreeIndex.swift */ = {isa = PBXFileReference; fileEncoding = 4; lastKnownFileType = sourcecode.swift; path = AVLTreeIndex.swift; sourceTree = "<group>"; };
		38A0AD261DC4AAF1005EA3CC /* AVLTreeIterator.swift */ = {isa = PBXFileReference; fileEncoding = 4; lastKnownFileType = sourcecode.swift; path = AVLTreeIterator.swift; sourceTree = "<group>"; };
		38A0AD271DC4AAF1005EA3CC /* AVLTreeMap.swift */ = {isa = PBXFileReference; fileEncoding = 4; lastKnownFileType = sourcecode.swift; path = AVLTreeMap.swift; sourceTree = "<group>"; };
		38A0AD281DC4AAF1005EA3CC /* AVLTreeNode.swift */ = {isa = PBXFileReference; fileEncoding = 4; lastKnownFileType = sourcecode.swift; path = AVLTreeNode.swift; sourceTree = "<group>"; };
		38A0AD2D1DC4AB1F005EA3CC /* AVLTreeMapTests.swift */ = {isa = PBXFileReference; fileEncoding = 4; lastKnownFileType = sourcecode.swift; path = AVLTreeMapTests.swift; sourceTree = "<group>"; };
		38A0AD331DC4ABD3005EA3CC /* List.swift */ = {isa = PBXFileReference; fileEncoding = 4; lastKnownFileType = sourcecode.swift; path = List.swift; sourceTree = "<group>"; };
		38A0AD351DC4ABD3005EA3CC /* SinglyLinkedList.swift */ = {isa = PBXFileReference; fileEncoding = 4; lastKnownFileType = sourcecode.swift; path = SinglyLinkedList.swift; sourceTree = "<group>"; };
		38A0AD371DC4ABD3005EA3CC /* Stack.swift */ = {isa = PBXFileReference; fileEncoding = 4; lastKnownFileType = sourcecode.swift; path = Stack.swift; sourceTree = "<group>"; };
		38A0AD3B1DC4AF1A005EA3CC /* ListNode.swift */ = {isa = PBXFileReference; fileEncoding = 4; lastKnownFileType = sourcecode.swift; path = ListNode.swift; sourceTree = "<group>"; };
		38A0AD3D1DC4AF21005EA3CC /* ListIndex.swift */ = {isa = PBXFileReference; fileEncoding = 4; lastKnownFileType = sourcecode.swift; path = ListIndex.swift; sourceTree = "<group>"; };
		38A0AD3F1DC4AF2F005EA3CC /* ListIterator.swift */ = {isa = PBXFileReference; fileEncoding = 4; lastKnownFileType = sourcecode.swift; path = ListIterator.swift; sourceTree = "<group>"; };
		38B0D0951D23F1A0004C04BE /* DataStructures.framework */ = {isa = PBXFileReference; explicitFileType = wrapper.framework; includeInIndex = 0; path = DataStructures.framework; sourceTree = BUILT_PRODUCTS_DIR; };
		38B0D0981D23F1A0004C04BE /* DataStructures.h */ = {isa = PBXFileReference; lastKnownFileType = sourcecode.c.h; path = DataStructures.h; sourceTree = "<group>"; };
		38B0D09A1D23F1A0004C04BE /* Info.plist */ = {isa = PBXFileReference; lastKnownFileType = text.plist.xml; path = Info.plist; sourceTree = "<group>"; };
		38B0D09F1D23F1A1004C04BE /* DataStructuresTests.xctest */ = {isa = PBXFileReference; explicitFileType = wrapper.cfbundle; includeInIndex = 0; path = DataStructuresTests.xctest; sourceTree = BUILT_PRODUCTS_DIR; };
		38B0D0A41D23F1A1004C04BE /* DataStructuresTests.swift */ = {isa = PBXFileReference; lastKnownFileType = sourcecode.swift; path = DataStructuresTests.swift; sourceTree = "<group>"; };
		38B0D0A61D23F1A1004C04BE /* Info.plist */ = {isa = PBXFileReference; lastKnownFileType = text.plist.xml; path = Info.plist; sourceTree = "<group>"; };
		38B0D0AF1D240121004C04BE /* DoublyLinkedListTests.swift */ = {isa = PBXFileReference; fileEncoding = 4; lastKnownFileType = sourcecode.swift; path = DoublyLinkedListTests.swift; sourceTree = "<group>"; };
		38B0D0B11D24012F004C04BE /* SinglyLinkedListTests.swift */ = {isa = PBXFileReference; fileEncoding = 4; lastKnownFileType = sourcecode.swift; path = SinglyLinkedListTests.swift; sourceTree = "<group>"; };
		38B0D0B51D24028B004C04BE /* StackTests.swift */ = {isa = PBXFileReference; fileEncoding = 4; lastKnownFileType = sourcecode.swift; path = StackTests.swift; sourceTree = "<group>"; };
		38D2482D1E12B1FF002C7C70 /* TreeMapCollection.swift */ = {isa = PBXFileReference; fileEncoding = 4; lastKnownFileType = sourcecode.swift; path = TreeMapCollection.swift; sourceTree = "<group>"; };
		38D248301E12B7E4002C7C70 /* TreeNode.swift */ = {isa = PBXFileReference; fileEncoding = 4; lastKnownFileType = sourcecode.swift; path = TreeNode.swift; sourceTree = "<group>"; };
		38D248321E12BEF8002C7C70 /* TreeIndex.swift */ = {isa = PBXFileReference; fileEncoding = 4; lastKnownFileType = sourcecode.swift; path = TreeIndex.swift; sourceTree = "<group>"; };
/* End PBXFileReference section */

/* Begin PBXFrameworksBuildPhase section */
		38B0D0911D23F1A0004C04BE /* Frameworks */ = {
			isa = PBXFrameworksBuildPhase;
			buildActionMask = 2147483647;
			files = (
			);
			runOnlyForDeploymentPostprocessing = 0;
		};
		38B0D09C1D23F1A1004C04BE /* Frameworks */ = {
			isa = PBXFrameworksBuildPhase;
			buildActionMask = 2147483647;
			files = (
				38B0D0A01D23F1A1004C04BE /* DataStructures.framework in Frameworks */,
			);
			runOnlyForDeploymentPostprocessing = 0;
		};
/* End PBXFrameworksBuildPhase section */

/* Begin PBXGroup section */
		384F32BE1E8436BD00F2ED36 /* Graphs */ = {
			isa = PBXGroup;
			children = (
				384F32C01E84391D00F2ED36 /* GraphCollection.swift */,
				384F32C21E843C7200F2ED36 /* Graph.swift */,
				384F32C71E8481FA00F2ED36 /* GraphEdge.swift */,
			);
			name = Graphs;
			sourceTree = "<group>";
		};
		384F32C41E847E1500F2ED36 /* Queue */ = {
			isa = PBXGroup;
			children = (
				384F32C51E847E2100F2ED36 /* Queue.swift */,
			);
			name = Queue;
			sourceTree = "<group>";
		};
		386344751E8FBB57000D3970 /* Resources */ = {
			isa = PBXGroup;
			children = (
				38A078071E954FC400329E96 /* BigGraph.txt */,
			);
			name = Resources;
			sourceTree = "<group>";
		};
		38A0AD241DC4AAF1005EA3CC /* AVLTreeMap */ = {
			isa = PBXGroup;
			children = (
				38A0AD271DC4AAF1005EA3CC /* AVLTreeMap.swift */,
				38A0AD251DC4AAF1005EA3CC /* AVLTreeIndex.swift */,
				38A0AD261DC4AAF1005EA3CC /* AVLTreeIterator.swift */,
				38A0AD281DC4AAF1005EA3CC /* AVLTreeNode.swift */,
			);
			path = AVLTreeMap;
			sourceTree = "<group>";
		};
		38A0AD321DC4ABD3005EA3CC /* List */ = {
			isa = PBXGroup;
			children = (
				38A0AD331DC4ABD3005EA3CC /* List.swift */,
				38A0AD3B1DC4AF1A005EA3CC /* ListNode.swift */,
				38A0AD3D1DC4AF21005EA3CC /* ListIndex.swift */,
				38A0AD3F1DC4AF2F005EA3CC /* ListIterator.swift */,
			);
			path = List;
			sourceTree = "<group>";
		};
		38A0AD341DC4ABD3005EA3CC /* SinglyLinkedList */ = {
			isa = PBXGroup;
			children = (
				38A0AD351DC4ABD3005EA3CC /* SinglyLinkedList.swift */,
			);
			path = SinglyLinkedList;
			sourceTree = "<group>";
		};
		38A0AD361DC4ABD3005EA3CC /* Stack */ = {
			isa = PBXGroup;
			children = (
				38A0AD371DC4ABD3005EA3CC /* Stack.swift */,
			);
			path = Stack;
			sourceTree = "<group>";
		};
		38B0D08B1D23F1A0004C04BE = {
			isa = PBXGroup;
			children = (
				38B0D0971D23F1A0004C04BE /* DataStructures */,
				38B0D0A31D23F1A1004C04BE /* DataStructuresTests */,
				38B0D0961D23F1A0004C04BE /* Products */,
			);
			sourceTree = "<group>";
		};
		38B0D0961D23F1A0004C04BE /* Products */ = {
			isa = PBXGroup;
			children = (
				38B0D0951D23F1A0004C04BE /* DataStructures.framework */,
				38B0D09F1D23F1A1004C04BE /* DataStructuresTests.xctest */,
			);
			name = Products;
			sourceTree = "<group>";
		};
		38B0D0971D23F1A0004C04BE /* DataStructures */ = {
			isa = PBXGroup;
			children = (
				38B0D0981D23F1A0004C04BE /* DataStructures.h */,
				38B0D09A1D23F1A0004C04BE /* Info.plist */,
				38A0AD341DC4ABD3005EA3CC /* SinglyLinkedList */,
				38A0AD321DC4ABD3005EA3CC /* List */,
				38A0AD361DC4ABD3005EA3CC /* Stack */,
				384F32C41E847E1500F2ED36 /* Queue */,
				38A0AD241DC4AAF1005EA3CC /* AVLTreeMap */,
				38D2482C1E12B1E3002C7C70 /* TreeCollection */,
				384F32BE1E8436BD00F2ED36 /* Graphs */,
			);
			path = DataStructures;
			sourceTree = "<group>";
		};
		38B0D0A31D23F1A1004C04BE /* DataStructuresTests */ = {
			isa = PBXGroup;
			children = (
				38B0D0A61D23F1A1004C04BE /* Info.plist */,
				38B0D0A41D23F1A1004C04BE /* DataStructuresTests.swift */,
				38B0D0AF1D240121004C04BE /* DoublyLinkedListTests.swift */,
				38B0D0B11D24012F004C04BE /* SinglyLinkedListTests.swift */,
				38B0D0B51D24028B004C04BE /* StackTests.swift */,
				384F32C91E8486D500F2ED36 /* QueueTests.swift */,
				38A0AD2D1DC4AB1F005EA3CC /* AVLTreeMapTests.swift */,
				384F32CB1E8486E100F2ED36 /* GraphTests.swift */,
				386344751E8FBB57000D3970 /* Resources */,
			);
			path = DataStructuresTests;
			sourceTree = "<group>";
		};
		38D2482C1E12B1E3002C7C70 /* TreeCollection */ = {
			isa = PBXGroup;
			children = (
				38D2482D1E12B1FF002C7C70 /* TreeMapCollection.swift */,
				38D248301E12B7E4002C7C70 /* TreeNode.swift */,
				3809EF591E4F7E8F00406001 /* BinaryTreeNode.swift */,
				38D248321E12BEF8002C7C70 /* TreeIndex.swift */,
				3824FB7C1E4F557D007AFA7F /* TreeIterator.swift */,
				3824FB7E1E4F5660007AFA7F /* DictionaryCollection.swift */,
			);
			name = TreeCollection;
			sourceTree = "<group>";
		};
/* End PBXGroup section */

/* Begin PBXHeadersBuildPhase section */
		38B0D0921D23F1A0004C04BE /* Headers */ = {
			isa = PBXHeadersBuildPhase;
			buildActionMask = 2147483647;
			files = (
				38B0D0991D23F1A0004C04BE /* DataStructures.h in Headers */,
			);
			runOnlyForDeploymentPostprocessing = 0;
		};
/* End PBXHeadersBuildPhase section */

/* Begin PBXNativeTarget section */
		38B0D0941D23F1A0004C04BE /* DataStructures */ = {
			isa = PBXNativeTarget;
			buildConfigurationList = 38B0D0A91D23F1A1004C04BE /* Build configuration list for PBXNativeTarget "DataStructures" */;
			buildPhases = (
				38B0D0901D23F1A0004C04BE /* Sources */,
				38B0D0911D23F1A0004C04BE /* Frameworks */,
				38B0D0921D23F1A0004C04BE /* Headers */,
				38B0D0931D23F1A0004C04BE /* Resources */,
			);
			buildRules = (
			);
			dependencies = (
			);
			name = DataStructures;
			productName = DataStructures;
			productReference = 38B0D0951D23F1A0004C04BE /* DataStructures.framework */;
			productType = "com.apple.product-type.framework";
		};
		38B0D09E1D23F1A1004C04BE /* DataStructuresTests */ = {
			isa = PBXNativeTarget;
			buildConfigurationList = 38B0D0AC1D23F1A1004C04BE /* Build configuration list for PBXNativeTarget "DataStructuresTests" */;
			buildPhases = (
				38B0D09B1D23F1A1004C04BE /* Sources */,
				38B0D09C1D23F1A1004C04BE /* Frameworks */,
				38B0D09D1D23F1A1004C04BE /* Resources */,
			);
			buildRules = (
			);
			dependencies = (
				38B0D0A21D23F1A1004C04BE /* PBXTargetDependency */,
			);
			name = DataStructuresTests;
			productName = DataStructuresTests;
			productReference = 38B0D09F1D23F1A1004C04BE /* DataStructuresTests.xctest */;
			productType = "com.apple.product-type.bundle.unit-test";
		};
/* End PBXNativeTarget section */

/* Begin PBXProject section */
		38B0D08C1D23F1A0004C04BE /* Project object */ = {
			isa = PBXProject;
			attributes = {
				LastSwiftUpdateCheck = 0730;
				LastUpgradeCheck = 0800;
				ORGANIZATIONNAME = DeltaApps;
				TargetAttributes = {
					38B0D0941D23F1A0004C04BE = {
						CreatedOnToolsVersion = 7.3;
						DevelopmentTeam = YAU2G3EBSE;
						LastSwiftMigration = 0800;
					};
					38B0D09E1D23F1A1004C04BE = {
						CreatedOnToolsVersion = 7.3;
						DevelopmentTeam = YAU2G3EBSE;
						LastSwiftMigration = 0800;
					};
				};
			};
			buildConfigurationList = 38B0D08F1D23F1A0004C04BE /* Build configuration list for PBXProject "DataStructures" */;
			compatibilityVersion = "Xcode 3.2";
			developmentRegion = English;
			hasScannedForEncodings = 0;
			knownRegions = (
				en,
			);
			mainGroup = 38B0D08B1D23F1A0004C04BE;
			productRefGroup = 38B0D0961D23F1A0004C04BE /* Products */;
			projectDirPath = "";
			projectRoot = "";
			targets = (
				38B0D0941D23F1A0004C04BE /* DataStructures */,
				38B0D09E1D23F1A1004C04BE /* DataStructuresTests */,
			);
		};
/* End PBXProject section */

/* Begin PBXResourcesBuildPhase section */
		38B0D0931D23F1A0004C04BE /* Resources */ = {
			isa = PBXResourcesBuildPhase;
			buildActionMask = 2147483647;
			files = (
			);
			runOnlyForDeploymentPostprocessing = 0;
		};
		38B0D09D1D23F1A1004C04BE /* Resources */ = {
			isa = PBXResourcesBuildPhase;
			buildActionMask = 2147483647;
			files = (
				38A078081E954FC400329E96 /* BigGraph.txt in Resources */,
			);
			runOnlyForDeploymentPostprocessing = 0;
		};
/* End PBXResourcesBuildPhase section */

/* Begin PBXSourcesBuildPhase section */
		38B0D0901D23F1A0004C04BE /* Sources */ = {
			isa = PBXSourcesBuildPhase;
			buildActionMask = 2147483647;
			files = (
				38A0AD291DC4AAF1005EA3CC /* AVLTreeIndex.swift in Sources */,
				384F32C81E8481FA00F2ED36 /* GraphEdge.swift in Sources */,
				3824FB7D1E4F557D007AFA7F /* TreeIterator.swift in Sources */,
				38D248331E12BEF8002C7C70 /* TreeIndex.swift in Sources */,
				384F32C61E847E2100F2ED36 /* Queue.swift in Sources */,
				38A0AD2B1DC4AAF1005EA3CC /* AVLTreeMap.swift in Sources */,
				38A0AD3E1DC4AF21005EA3CC /* ListIndex.swift in Sources */,
				3824FB7F1E4F5660007AFA7F /* DictionaryCollection.swift in Sources */,
				384F32C31E843C7200F2ED36 /* Graph.swift in Sources */,
				38A0AD2A1DC4AAF1005EA3CC /* AVLTreeIterator.swift in Sources */,
				38A0AD3C1DC4AF1A005EA3CC /* ListNode.swift in Sources */,
				38A0AD3A1DC4ABD3005EA3CC /* Stack.swift in Sources */,
				38A0AD391DC4ABD3005EA3CC /* SinglyLinkedList.swift in Sources */,
				3809EF5A1E4F7E8F00406001 /* BinaryTreeNode.swift in Sources */,
				384F32C11E84391D00F2ED36 /* GraphCollection.swift in Sources */,
				38A0AD401DC4AF2F005EA3CC /* ListIterator.swift in Sources */,
				38A0AD2C1DC4AAF1005EA3CC /* AVLTreeNode.swift in Sources */,
				38A0AD381DC4ABD3005EA3CC /* List.swift in Sources */,
				38D2482E1E12B1FF002C7C70 /* TreeMapCollection.swift in Sources */,
				38D248311E12B7E4002C7C70 /* TreeNode.swift in Sources */,
			);
			runOnlyForDeploymentPostprocessing = 0;
		};
		38B0D09B1D23F1A1004C04BE /* Sources */ = {
			isa = PBXSourcesBuildPhase;
			buildActionMask = 2147483647;
			files = (
				38A0AD2E1DC4AB1F005EA3CC /* AVLTreeMapTests.swift in Sources */,
				384F32CA1E8486D500F2ED36 /* QueueTests.swift in Sources */,
				38B0D0B61D24028B004C04BE /* StackTests.swift in Sources */,
				38B0D0A51D23F1A1004C04BE /* DataStructuresTests.swift in Sources */,
				38B0D0B21D24012F004C04BE /* SinglyLinkedListTests.swift in Sources */,
				38B0D0B01D240121004C04BE /* DoublyLinkedListTests.swift in Sources */,
				384F32CC1E8486E100F2ED36 /* GraphTests.swift in Sources */,
			);
			runOnlyForDeploymentPostprocessing = 0;
		};
/* End PBXSourcesBuildPhase section */

/* Begin PBXTargetDependency section */
		38B0D0A21D23F1A1004C04BE /* PBXTargetDependency */ = {
			isa = PBXTargetDependency;
			target = 38B0D0941D23F1A0004C04BE /* DataStructures */;
			targetProxy = 38B0D0A11D23F1A1004C04BE /* PBXContainerItemProxy */;
		};
/* End PBXTargetDependency section */

/* Begin XCBuildConfiguration section */
		38B0D0A71D23F1A1004C04BE /* Debug */ = {
			isa = XCBuildConfiguration;
			buildSettings = {
				ALWAYS_SEARCH_USER_PATHS = NO;
				CLANG_ANALYZER_NONNULL = YES;
				CLANG_CXX_LANGUAGE_STANDARD = "gnu++0x";
				CLANG_CXX_LIBRARY = "libc++";
				CLANG_ENABLE_MODULES = YES;
				CLANG_ENABLE_OBJC_ARC = YES;
				CLANG_WARN_BOOL_CONVERSION = YES;
				CLANG_WARN_CONSTANT_CONVERSION = YES;
				CLANG_WARN_DIRECT_OBJC_ISA_USAGE = YES_ERROR;
				CLANG_WARN_EMPTY_BODY = YES;
				CLANG_WARN_ENUM_CONVERSION = YES;
				CLANG_WARN_INFINITE_RECURSION = YES;
				CLANG_WARN_INT_CONVERSION = YES;
				CLANG_WARN_OBJC_ROOT_CLASS = YES_ERROR;
				CLANG_WARN_SUSPICIOUS_MOVE = YES;
				CLANG_WARN_UNREACHABLE_CODE = YES;
				CLANG_WARN__DUPLICATE_METHOD_MATCH = YES;
				"CODE_SIGN_IDENTITY[sdk=iphoneos*]" = "iPhone Developer";
				COPY_PHASE_STRIP = NO;
				CURRENT_PROJECT_VERSION = 1;
				DEBUG_INFORMATION_FORMAT = dwarf;
				ENABLE_STRICT_OBJC_MSGSEND = YES;
				ENABLE_TESTABILITY = YES;
				GCC_C_LANGUAGE_STANDARD = gnu99;
				GCC_DYNAMIC_NO_PIC = NO;
				GCC_NO_COMMON_BLOCKS = YES;
				GCC_OPTIMIZATION_LEVEL = 0;
				GCC_PREPROCESSOR_DEFINITIONS = (
					"DEBUG=1",
					"$(inherited)",
				);
				GCC_WARN_64_TO_32_BIT_CONVERSION = YES;
				GCC_WARN_ABOUT_RETURN_TYPE = YES_ERROR;
				GCC_WARN_UNDECLARED_SELECTOR = YES;
				GCC_WARN_UNINITIALIZED_AUTOS = YES_AGGRESSIVE;
				GCC_WARN_UNUSED_FUNCTION = YES;
				GCC_WARN_UNUSED_VARIABLE = YES;
				IPHONEOS_DEPLOYMENT_TARGET = 9.3;
				MTL_ENABLE_DEBUG_INFO = YES;
				ONLY_ACTIVE_ARCH = YES;
				SDKROOT = iphoneos;
				SWIFT_OPTIMIZATION_LEVEL = "-Onone";
				TARGETED_DEVICE_FAMILY = "1,2";
				VERSIONING_SYSTEM = "apple-generic";
				VERSION_INFO_PREFIX = "";
			};
			name = Debug;
		};
		38B0D0A81D23F1A1004C04BE /* Release */ = {
			isa = XCBuildConfiguration;
			buildSettings = {
				ALWAYS_SEARCH_USER_PATHS = NO;
				CLANG_ANALYZER_NONNULL = YES;
				CLANG_CXX_LANGUAGE_STANDARD = "gnu++0x";
				CLANG_CXX_LIBRARY = "libc++";
				CLANG_ENABLE_MODULES = YES;
				CLANG_ENABLE_OBJC_ARC = YES;
				CLANG_WARN_BOOL_CONVERSION = YES;
				CLANG_WARN_CONSTANT_CONVERSION = YES;
				CLANG_WARN_DIRECT_OBJC_ISA_USAGE = YES_ERROR;
				CLANG_WARN_EMPTY_BODY = YES;
				CLANG_WARN_ENUM_CONVERSION = YES;
				CLANG_WARN_INFINITE_RECURSION = YES;
				CLANG_WARN_INT_CONVERSION = YES;
				CLANG_WARN_OBJC_ROOT_CLASS = YES_ERROR;
				CLANG_WARN_SUSPICIOUS_MOVE = YES;
				CLANG_WARN_UNREACHABLE_CODE = YES;
				CLANG_WARN__DUPLICATE_METHOD_MATCH = YES;
				"CODE_SIGN_IDENTITY[sdk=iphoneos*]" = "iPhone Developer";
				COPY_PHASE_STRIP = NO;
				CURRENT_PROJECT_VERSION = 1;
				DEBUG_INFORMATION_FORMAT = "dwarf-with-dsym";
				ENABLE_NS_ASSERTIONS = NO;
				ENABLE_STRICT_OBJC_MSGSEND = YES;
				GCC_C_LANGUAGE_STANDARD = gnu99;
				GCC_NO_COMMON_BLOCKS = YES;
				GCC_WARN_64_TO_32_BIT_CONVERSION = YES;
				GCC_WARN_ABOUT_RETURN_TYPE = YES_ERROR;
				GCC_WARN_UNDECLARED_SELECTOR = YES;
				GCC_WARN_UNINITIALIZED_AUTOS = YES_AGGRESSIVE;
				GCC_WARN_UNUSED_FUNCTION = YES;
				GCC_WARN_UNUSED_VARIABLE = YES;
				IPHONEOS_DEPLOYMENT_TARGET = 9.3;
				MTL_ENABLE_DEBUG_INFO = NO;
				SDKROOT = iphoneos;
				SWIFT_OPTIMIZATION_LEVEL = "-Owholemodule";
				TARGETED_DEVICE_FAMILY = "1,2";
				VALIDATE_PRODUCT = YES;
				VERSIONING_SYSTEM = "apple-generic";
				VERSION_INFO_PREFIX = "";
			};
			name = Release;
		};
		38B0D0AA1D23F1A1004C04BE /* Debug */ = {
			isa = XCBuildConfiguration;
			buildSettings = {
				CLANG_ENABLE_MODULES = YES;
				CODE_SIGN_IDENTITY = "iPhone Developer";
				"CODE_SIGN_IDENTITY[sdk=iphoneos*]" = "";
				DEFINES_MODULE = YES;
				DEVELOPMENT_TEAM = YAU2G3EBSE;
				DYLIB_COMPATIBILITY_VERSION = 1;
				DYLIB_CURRENT_VERSION = 1;
				DYLIB_INSTALL_NAME_BASE = "@rpath";
				INFOPLIST_FILE = DataStructures/Info.plist;
				INSTALL_PATH = "$(LOCAL_LIBRARY_DIR)/Frameworks";
				IPHONEOS_DEPLOYMENT_TARGET = 8.0;
				LD_RUNPATH_SEARCH_PATHS = "$(inherited) @executable_path/Frameworks @loader_path/Frameworks";
				PRODUCT_BUNDLE_IDENTIFIER = DeltaApps.DataStructures;
				PRODUCT_NAME = "$(TARGET_NAME)";
				SKIP_INSTALL = YES;
				SWIFT_OPTIMIZATION_LEVEL = "-Onone";
				SWIFT_VERSION = 3.0;
			};
			name = Debug;
		};
		38B0D0AB1D23F1A1004C04BE /* Release */ = {
			isa = XCBuildConfiguration;
			buildSettings = {
				CLANG_ENABLE_MODULES = YES;
				CODE_SIGN_IDENTITY = "iPhone Developer";
				"CODE_SIGN_IDENTITY[sdk=iphoneos*]" = "";
				DEFINES_MODULE = YES;
				DEVELOPMENT_TEAM = YAU2G3EBSE;
				DYLIB_COMPATIBILITY_VERSION = 1;
				DYLIB_CURRENT_VERSION = 1;
				DYLIB_INSTALL_NAME_BASE = "@rpath";
				INFOPLIST_FILE = DataStructures/Info.plist;
				INSTALL_PATH = "$(LOCAL_LIBRARY_DIR)/Frameworks";
				IPHONEOS_DEPLOYMENT_TARGET = 8.0;
				LD_RUNPATH_SEARCH_PATHS = "$(inherited) @executable_path/Frameworks @loader_path/Frameworks";
				PRODUCT_BUNDLE_IDENTIFIER = DeltaApps.DataStructures;
				PRODUCT_NAME = "$(TARGET_NAME)";
				SKIP_INSTALL = YES;
				SWIFT_VERSION = 3.0;
			};
			name = Release;
		};
		38B0D0AD1D23F1A1004C04BE /* Debug */ = {
			isa = XCBuildConfiguration;
			buildSettings = {
				DEVELOPMENT_TEAM = YAU2G3EBSE;
				ENABLE_BITCODE = YES;
				INFOPLIST_FILE = DataStructuresTests/Info.plist;
				LD_RUNPATH_SEARCH_PATHS = "$(inherited) @executable_path/Frameworks @loader_path/Frameworks";
				PRODUCT_BUNDLE_IDENTIFIER = DeltaApps.DataStructuresTests;
				PRODUCT_NAME = "$(TARGET_NAME)";
				SWIFT_VERSION = 3.0;
			};
			name = Debug;
		};
		38B0D0AE1D23F1A1004C04BE /* Release */ = {
			isa = XCBuildConfiguration;
			buildSettings = {
				DEVELOPMENT_TEAM = YAU2G3EBSE;
				ENABLE_BITCODE = YES;
				INFOPLIST_FILE = DataStructuresTests/Info.plist;
				LD_RUNPATH_SEARCH_PATHS = "$(inherited) @executable_path/Frameworks @loader_path/Frameworks";
				PRODUCT_BUNDLE_IDENTIFIER = DeltaApps.DataStructuresTests;
				PRODUCT_NAME = "$(TARGET_NAME)";
				SWIFT_VERSION = 3.0;
			};
			name = Release;
		};
/* End XCBuildConfiguration section */

/* Begin XCConfigurationList section */
		38B0D08F1D23F1A0004C04BE /* Build configuration list for PBXProject "DataStructures" */ = {
			isa = XCConfigurationList;
			buildConfigurations = (
				38B0D0A71D23F1A1004C04BE /* Debug */,
				38B0D0A81D23F1A1004C04BE /* Release */,
			);
			defaultConfigurationIsVisible = 0;
			defaultConfigurationName = Release;
		};
		38B0D0A91D23F1A1004C04BE /* Build configuration list for PBXNativeTarget "DataStructures" */ = {
			isa = XCConfigurationList;
			buildConfigurations = (
				38B0D0AA1D23F1A1004C04BE /* Debug */,
				38B0D0AB1D23F1A1004C04BE /* Release */,
			);
			defaultConfigurationIsVisible = 0;
			defaultConfigurationName = Release;
		};
		38B0D0AC1D23F1A1004C04BE /* Build configuration list for PBXNativeTarget "DataStructuresTests" */ = {
			isa = XCConfigurationList;
			buildConfigurations = (
				38B0D0AD1D23F1A1004C04BE /* Debug */,
				38B0D0AE1D23F1A1004C04BE /* Release */,
			);
			defaultConfigurationIsVisible = 0;
			defaultConfigurationName = Release;
		};
/* End XCConfigurationList section */
	};
	rootObject = 38B0D08C1D23F1A0004C04BE /* Project object */;
}
